{
  "name": "hugo-music-worker",
  "version": "1.0.0",
  "lockfileVersion": 3,
  "requires": true,
  "packages": {
    "": {
      "name": "hugo-music-worker",
      "version": "1.0.0",
      "dependencies": {
        "hugo-stream": "file:../../packages/stream"
      }
    },
    "../../packages/stream": {
      "name": "hugo-stream",
      "version": "0.1.0",
      "license": "MIT",
      "devDependencies": {
        "typescript": "~6.0.3"
      },
      "engines": {
        "node": ">=20.19"
      }
    },
    "node_modules/hugo-stream": {
      "resolved": "../../packages/stream",
      "link": true
    }
  }
}
